
Microsoft Visual Studio Solution File, Format Version 12.00
# Visual Studio Version 16
VisualStudioVersion = 16.0.31729.503
MinimumVisualStudioVersion = 10.0.40219.1
Project("{FAE04EC0-301F-11D3-BF4B-00C04F79EFBC}") = "DataAccess", "DataAccess\DataAccess.csproj", "{F2844A2F-17E3-4BF8-95F5-D8A3697B2A93}"
EndProject
Project("{FAE04EC0-301F-11D3-BF4B-00C04F79EFBC}") = "Business", "Business\Business.csproj", "{E9A04713-DFDE-4D04-939C-829B7AC85C6B}"
EndProject
Project("{FAE04EC0-301F-11D3-BF4B-00C04F79EFBC}") = "Entities", "Entities\Entities.csproj", "{60DB2B65-CE5A-49F9-ABD4-8B95BAC6C2C0}"
EndProject
Project("{FAE04EC0-301F-11D3-BF4B-00C04F79EFBC}") = "ConsoleUI", "ConsoleUI\ConsoleUI.csproj", "{16A7FA45-8AB3-4DC5-931D-81C23C1340A6}"
EndProject
Global
	GlobalSection(SolutionConfigurationPlatforms) = preSolution
		Debug|Any CPU = Debug|Any CPU
		Release|Any CPU = Release|Any CPU
	EndGlobalSection
	GlobalSection(ProjectConfigurationPlatforms) = postSolution
		{F2844A2F-17E3-4BF8-95F5-D8A3697B2A93}.Debug|Any CPU.ActiveCfg = Debug|Any CPU
		{F2844A2F-17E3-4BF8-95F5-D8A3697B2A93}.Debug|Any CPU.Build.0 = Debug|Any CPU
		{F2844A2F-17E3-4BF8-95F5-D8A3697B2A93}.Release|Any CPU.ActiveCfg = Release|Any CPU
		{F2844A2F-17E3-4BF8-95F5-D8A3697B2A93}.Release|Any CPU.Build.0 = Release|Any CPU
		{E9A04713-DFDE-4D04-939C-829B7AC85C6B}.Debug|Any CPU.ActiveCfg = Debug|Any CPU
		{E9A04713-DFDE-4D04-939C-829B7AC85C6B}.Debug|Any CPU.Build.0 = Debug|Any CPU
		{E9A04713-DFDE-4D04-939C-829B7AC85C6B}.Release|Any CPU.ActiveCfg = Release|Any CPU
		{E9A04713-DFDE-4D04-939C-829B7AC85C6B}.Release|Any CPU.Build.0 = Release|Any CPU
		{60DB2B65-CE5A-49F9-ABD4-8B95BAC6C2C0}.Debug|Any CPU.ActiveCfg = Debug|Any CPU
		{60DB2B65-CE5A-49F9-ABD4-8B95BAC6C2C0}.Debug|Any CPU.Build.0 = Debug|Any CPU
		{60DB2B65-CE5A-49F9-ABD4-8B95BAC6C2C0}.Release|Any CPU.ActiveCfg = Release|Any CPU
		{60DB2B65-CE5A-49F9-ABD4-8B95BAC6C2C0}.Release|Any CPU.Build.0 = Release|Any CPU
		{16A7FA45-8AB3-4DC5-931D-81C23C1340A6}.Debug|Any CPU.ActiveCfg = Debug|Any CPU
		{16A7FA45-8AB3-4DC5-931D-81C23C1340A6}.Debug|Any CPU.Build.0 = Debug|Any CPU
		{16A7FA45-8AB3-4DC5-931D-81C23C1340A6}.Release|Any CPU.ActiveCfg = Release|Any CPU
		{16A7FA45-8AB3-4DC5-931D-81C23C1340A6}.Release|Any CPU.Build.0 = Release|Any CPU
	EndGlobalSection
	GlobalSection(SolutionProperties) = preSolution
		HideSolutionNode = FALSE
	EndGlobalSection
	GlobalSection(ExtensibilityGlobals) = postSolution
		SolutionGuid = {99378E2D-F3B5-4C83-B79C-1AA97D9F328C}
	EndGlobalSection
EndGlobal
